// !$*UTF8*$!
{
	archiveVersion = 1;
	classes = {
	};
	objectVersion = 46;
	objects = {

/* Begin PBXBuildFile section */
		38FCF83B1EF10CFE00F57F0C /* lider.swift in Sources */ = {isa = PBXBuildFile; fileRef = 38FCF8341EF10CFE00F57F0C /* lider.swift */; };
		38FCF83C1EF10CFE00F57F0C /* revisionista.swift in Sources */ = {isa = PBXBuildFile; fileRef = 38FCF8351EF10CFE00F57F0C /* revisionista.swift */; };
		38FCF83D1EF10CFE00F57F0C /* revisao.swift in Sources */ = {isa = PBXBuildFile; fileRef = 38FCF8361EF10CFE00F57F0C /* revisao.swift */; };
		38FCF83E1EF10CFE00F57F0C /* palavra.swift in Sources */ = {isa = PBXBuildFile; fileRef = 38FCF8371EF10CFE00F57F0C /* palavra.swift */; };
		38FCF83F1EF10CFE00F57F0C /* funcao.swift in Sources */ = {isa = PBXBuildFile; fileRef = 38FCF8381EF10CFE00F57F0C /* funcao.swift */; };
		38FCF8401EF10CFE00F57F0C /* equipe.swift in Sources */ = {isa = PBXBuildFile; fileRef = 38FCF8391EF10CFE00F57F0C /* equipe.swift */; };
		38FCF8411EF10CFE00F57F0C /* escala.swift in Sources */ = {isa = PBXBuildFile; fileRef = 38FCF83A1EF10CFE00F57F0C /* escala.swift */; };
		3C0F33F41EDCE1BC00D60AAE /* AppDelegate.swift in Sources */ = {isa = PBXBuildFile; fileRef = 3C0F33F31EDCE1BC00D60AAE /* AppDelegate.swift */; };
		3C0F33F61EDCE1BC00D60AAE /* ViewController.swift in Sources */ = {isa = PBXBuildFile; fileRef = 3C0F33F51EDCE1BC00D60AAE /* ViewController.swift */; };
		3C0F33F91EDCE1BC00D60AAE /* Main.storyboard in Resources */ = {isa = PBXBuildFile; fileRef = 3C0F33F71EDCE1BC00D60AAE /* Main.storyboard */; };
		3C0F33FB1EDCE1BC00D60AAE /* Assets.xcassets in Resources */ = {isa = PBXBuildFile; fileRef = 3C0F33FA1EDCE1BC00D60AAE /* Assets.xcassets */; };
		3C0F33FE1EDCE1BC00D60AAE /* LaunchScreen.storyboard in Resources */ = {isa = PBXBuildFile; fileRef = 3C0F33FC1EDCE1BC00D60AAE /* LaunchScreen.storyboard */; };
		3C0F34091EDCE1BC00D60AAE /* RVTests.swift in Sources */ = {isa = PBXBuildFile; fileRef = 3C0F34081EDCE1BC00D60AAE /* RVTests.swift */; };
		3C0F34141EDCE1BC00D60AAE /* RVUITests.swift in Sources */ = {isa = PBXBuildFile; fileRef = 3C0F34131EDCE1BC00D60AAE /* RVUITests.swift */; };
		3C0F34221EDCE6AD00D60AAE /* LoginViewController.swift in Sources */ = {isa = PBXBuildFile; fileRef = 3C0F34211EDCE6AD00D60AAE /* LoginViewController.swift */; };
		3C0F34241EDCE8F900D60AAE /* PreachingsViewController.swift in Sources */ = {isa = PBXBuildFile; fileRef = 3C0F34231EDCE8F900D60AAE /* PreachingsViewController.swift */; };
		3C0F34261EDCEE6800D60AAE /* PreachCell.swift in Sources */ = {isa = PBXBuildFile; fileRef = 3C0F34251EDCEE6800D60AAE /* PreachCell.swift */; };
		3C0F34281EDCF58D00D60AAE /* DesignManager.swift in Sources */ = {isa = PBXBuildFile; fileRef = 3C0F34271EDCF58D00D60AAE /* DesignManager.swift */; };
		3C5A1F651EEF0C410024152E /* Quicksand-Bold.ttf in Resources */ = {isa = PBXBuildFile; fileRef = 3C5A1F611EEF0C410024152E /* Quicksand-Bold.ttf */; };
		3C5A1F661EEF0C410024152E /* Quicksand-Light.ttf in Resources */ = {isa = PBXBuildFile; fileRef = 3C5A1F621EEF0C410024152E /* Quicksand-Light.ttf */; };
		3C5A1F671EEF0C410024152E /* Quicksand-Medium.ttf in Resources */ = {isa = PBXBuildFile; fileRef = 3C5A1F631EEF0C410024152E /* Quicksand-Medium.ttf */; };
		3C5A1F681EEF0C410024152E /* Quicksand-Regular.ttf in Resources */ = {isa = PBXBuildFile; fileRef = 3C5A1F641EEF0C410024152E /* Quicksand-Regular.ttf */; };
		3C5A1F6B1EEF20FD0024152E /* FunctionsTableViewCell.swift in Sources */ = {isa = PBXBuildFile; fileRef = 3C5A1F6A1EEF20FD0024152E /* FunctionsTableViewCell.swift */; };
		3C5A1F6D1EEF21060024152E /* ScheduleTableViewCell.swift in Sources */ = {isa = PBXBuildFile; fileRef = 3C5A1F6C1EEF21060024152E /* ScheduleTableViewCell.swift */; };
		3C5A1F711EEF21520024152E /* FunctionsViewController.swift in Sources */ = {isa = PBXBuildFile; fileRef = 3C5A1F701EEF21520024152E /* FunctionsViewController.swift */; };
		3C5A1F731EEF215D0024152E /* ScheduleViewController.swift in Sources */ = {isa = PBXBuildFile; fileRef = 3C5A1F721EEF215D0024152E /* ScheduleViewController.swift */; };
		3C5A1F751EEF3AE80024152E /* ListViewController.swift in Sources */ = {isa = PBXBuildFile; fileRef = 3C5A1F741EEF3AE80024152E /* ListViewController.swift */; };
		3C5A1F771EEF3AF80024152E /* ListTableViewCell.swift in Sources */ = {isa = PBXBuildFile; fileRef = 3C5A1F761EEF3AF80024152E /* ListTableViewCell.swift */; };
		3C5A1F791EEF78EF0024152E /* FilterTableViewController.swift in Sources */ = {isa = PBXBuildFile; fileRef = 3C5A1F781EEF78EF0024152E /* FilterTableViewController.swift */; };
		3CA7FEF71EF0F7A800F54219 /* GoogleService-Info.plist in Resources */ = {isa = PBXBuildFile; fileRef = 3CA7FEF61EF0F7A800F54219 /* GoogleService-Info.plist */; };
		3CA7FEF91EF1043E00F54219 /* PreachDetailViewController.swift in Sources */ = {isa = PBXBuildFile; fileRef = 3CA7FEF81EF1043E00F54219 /* PreachDetailViewController.swift */; };
		3CA7FEFD1EF117FF00F54219 /* ScheduleDetailViewController.swift in Sources */ = {isa = PBXBuildFile; fileRef = 3CA7FEFC1EF117FF00F54219 /* ScheduleDetailViewController.swift */; };
		3CA7FEFF1EF1186300F54219 /* FunctionsDetailViewController.swift in Sources */ = {isa = PBXBuildFile; fileRef = 3CA7FEFE1EF1186300F54219 /* FunctionsDetailViewController.swift */; };
		4CBC022D97FCD8F3129955A3 /* Pods_RVTests.framework in Frameworks */ = {isa = PBXBuildFile; fileRef = 66F6FF686AF80BD3BFB4956A /* Pods_RVTests.framework */; };
		704ED43D368871A30FE37470 /* Pods_RVUITests.framework in Frameworks */ = {isa = PBXBuildFile; fileRef = 121D89810E859ABBEB368BCC /* Pods_RVUITests.framework */; };
		CD29E185FCBF543238FE91BE /* Pods_RV.framework in Frameworks */ = {isa = PBXBuildFile; fileRef = F8104B8C7B082304BCA42361 /* Pods_RV.framework */; };
/* End PBXBuildFile section */

/* Begin PBXContainerItemProxy section */
		3C0F34051EDCE1BC00D60AAE /* PBXContainerItemProxy */ = {
			isa = PBXContainerItemProxy;
			containerPortal = 3C0F33E81EDCE1BC00D60AAE /* Project object */;
			proxyType = 1;
			remoteGlobalIDString = 3C0F33EF1EDCE1BC00D60AAE;
			remoteInfo = RV;
		};
		3C0F34101EDCE1BC00D60AAE /* PBXContainerItemProxy */ = {
			isa = PBXContainerItemProxy;
			containerPortal = 3C0F33E81EDCE1BC00D60AAE /* Project object */;
			proxyType = 1;
			remoteGlobalIDString = 3C0F33EF1EDCE1BC00D60AAE;
			remoteInfo = RV;
		};
/* End PBXContainerItemProxy section */

/* Begin PBXFileReference section */
		121D89810E859ABBEB368BCC /* Pods_RVUITests.framework */ = {isa = PBXFileReference; explicitFileType = wrapper.framework; includeInIndex = 0; path = Pods_RVUITests.framework; sourceTree = BUILT_PRODUCTS_DIR; };
		144DF57628CB1F5619003E17 /* Pods-RVUITests.debug.xcconfig */ = {isa = PBXFileReference; includeInIndex = 1; lastKnownFileType = text.xcconfig; name = "Pods-RVUITests.debug.xcconfig"; path = "Pods/Target Support Files/Pods-RVUITests/Pods-RVUITests.debug.xcconfig"; sourceTree = "<group>"; };
		30A35273F1F99448BD5EF740 /* Pods-RV.debug.xcconfig */ = {isa = PBXFileReference; includeInIndex = 1; lastKnownFileType = text.xcconfig; name = "Pods-RV.debug.xcconfig"; path = "Pods/Target Support Files/Pods-RV/Pods-RV.debug.xcconfig"; sourceTree = "<group>"; };
		383798D6400515FA6A874902 /* Pods-RVUITests.release.xcconfig */ = {isa = PBXFileReference; includeInIndex = 1; lastKnownFileType = text.xcconfig; name = "Pods-RVUITests.release.xcconfig"; path = "Pods/Target Support Files/Pods-RVUITests/Pods-RVUITests.release.xcconfig"; sourceTree = "<group>"; };
		38FCF8341EF10CFE00F57F0C /* lider.swift */ = {isa = PBXFileReference; fileEncoding = 4; lastKnownFileType = sourcecode.swift; path = lider.swift; sourceTree = "<group>"; };
		38FCF8351EF10CFE00F57F0C /* revisionista.swift */ = {isa = PBXFileReference; fileEncoding = 4; lastKnownFileType = sourcecode.swift; path = revisionista.swift; sourceTree = "<group>"; };
		38FCF8361EF10CFE00F57F0C /* revisao.swift */ = {isa = PBXFileReference; fileEncoding = 4; lastKnownFileType = sourcecode.swift; path = revisao.swift; sourceTree = "<group>"; };
		38FCF8371EF10CFE00F57F0C /* palavra.swift */ = {isa = PBXFileReference; fileEncoding = 4; lastKnownFileType = sourcecode.swift; path = palavra.swift; sourceTree = "<group>"; };
		38FCF8381EF10CFE00F57F0C /* funcao.swift */ = {isa = PBXFileReference; fileEncoding = 4; lastKnownFileType = sourcecode.swift; path = funcao.swift; sourceTree = "<group>"; };
		38FCF8391EF10CFE00F57F0C /* equipe.swift */ = {isa = PBXFileReference; fileEncoding = 4; lastKnownFileType = sourcecode.swift; path = equipe.swift; sourceTree = "<group>"; };
		38FCF83A1EF10CFE00F57F0C /* escala.swift */ = {isa = PBXFileReference; fileEncoding = 4; lastKnownFileType = sourcecode.swift; path = escala.swift; sourceTree = "<group>"; };
		3C0F33F01EDCE1BC00D60AAE /* RV.app */ = {isa = PBXFileReference; explicitFileType = wrapper.application; includeInIndex = 0; path = RV.app; sourceTree = BUILT_PRODUCTS_DIR; };
		3C0F33F31EDCE1BC00D60AAE /* AppDelegate.swift */ = {isa = PBXFileReference; lastKnownFileType = sourcecode.swift; path = AppDelegate.swift; sourceTree = "<group>"; };
		3C0F33F51EDCE1BC00D60AAE /* ViewController.swift */ = {isa = PBXFileReference; lastKnownFileType = sourcecode.swift; path = ViewController.swift; sourceTree = "<group>"; };
		3C0F33F81EDCE1BC00D60AAE /* Base */ = {isa = PBXFileReference; lastKnownFileType = file.storyboard; name = Base; path = Base.lproj/Main.storyboard; sourceTree = "<group>"; };
		3C0F33FA1EDCE1BC00D60AAE /* Assets.xcassets */ = {isa = PBXFileReference; lastKnownFileType = folder.assetcatalog; path = Assets.xcassets; sourceTree = "<group>"; };
		3C0F33FD1EDCE1BC00D60AAE /* Base */ = {isa = PBXFileReference; lastKnownFileType = file.storyboard; name = Base; path = Base.lproj/LaunchScreen.storyboard; sourceTree = "<group>"; };
		3C0F33FF1EDCE1BC00D60AAE /* Info.plist */ = {isa = PBXFileReference; lastKnownFileType = text.plist.xml; path = Info.plist; sourceTree = "<group>"; };
		3C0F34041EDCE1BC00D60AAE /* RVTests.xctest */ = {isa = PBXFileReference; explicitFileType = wrapper.cfbundle; includeInIndex = 0; path = RVTests.xctest; sourceTree = BUILT_PRODUCTS_DIR; };
		3C0F34081EDCE1BC00D60AAE /* RVTests.swift */ = {isa = PBXFileReference; lastKnownFileType = sourcecode.swift; path = RVTests.swift; sourceTree = "<group>"; };
		3C0F340A1EDCE1BC00D60AAE /* Info.plist */ = {isa = PBXFileReference; lastKnownFileType = text.plist.xml; path = Info.plist; sourceTree = "<group>"; };
		3C0F340F1EDCE1BC00D60AAE /* RVUITests.xctest */ = {isa = PBXFileReference; explicitFileType = wrapper.cfbundle; includeInIndex = 0; path = RVUITests.xctest; sourceTree = BUILT_PRODUCTS_DIR; };
		3C0F34131EDCE1BC00D60AAE /* RVUITests.swift */ = {isa = PBXFileReference; lastKnownFileType = sourcecode.swift; path = RVUITests.swift; sourceTree = "<group>"; };
		3C0F34151EDCE1BC00D60AAE /* Info.plist */ = {isa = PBXFileReference; lastKnownFileType = text.plist.xml; path = Info.plist; sourceTree = "<group>"; };
		3C0F34211EDCE6AD00D60AAE /* LoginViewController.swift */ = {isa = PBXFileReference; fileEncoding = 4; lastKnownFileType = sourcecode.swift; path = LoginViewController.swift; sourceTree = "<group>"; };
		3C0F34231EDCE8F900D60AAE /* PreachingsViewController.swift */ = {isa = PBXFileReference; fileEncoding = 4; lastKnownFileType = sourcecode.swift; path = PreachingsViewController.swift; sourceTree = "<group>"; };
		3C0F34251EDCEE6800D60AAE /* PreachCell.swift */ = {isa = PBXFileReference; fileEncoding = 4; lastKnownFileType = sourcecode.swift; path = PreachCell.swift; sourceTree = "<group>"; };
		3C0F34271EDCF58D00D60AAE /* DesignManager.swift */ = {isa = PBXFileReference; fileEncoding = 4; lastKnownFileType = sourcecode.swift; path = DesignManager.swift; sourceTree = "<group>"; };
		3C5A1F611EEF0C410024152E /* Quicksand-Bold.ttf */ = {isa = PBXFileReference; lastKnownFileType = file; path = "Quicksand-Bold.ttf"; sourceTree = "<group>"; };
		3C5A1F621EEF0C410024152E /* Quicksand-Light.ttf */ = {isa = PBXFileReference; lastKnownFileType = file; path = "Quicksand-Light.ttf"; sourceTree = "<group>"; };
		3C5A1F631EEF0C410024152E /* Quicksand-Medium.ttf */ = {isa = PBXFileReference; lastKnownFileType = file; path = "Quicksand-Medium.ttf"; sourceTree = "<group>"; };
		3C5A1F641EEF0C410024152E /* Quicksand-Regular.ttf */ = {isa = PBXFileReference; lastKnownFileType = file; path = "Quicksand-Regular.ttf"; sourceTree = "<group>"; };
		3C5A1F6A1EEF20FD0024152E /* FunctionsTableViewCell.swift */ = {isa = PBXFileReference; fileEncoding = 4; lastKnownFileType = sourcecode.swift; path = FunctionsTableViewCell.swift; sourceTree = "<group>"; };
		3C5A1F6C1EEF21060024152E /* ScheduleTableViewCell.swift */ = {isa = PBXFileReference; fileEncoding = 4; lastKnownFileType = sourcecode.swift; path = ScheduleTableViewCell.swift; sourceTree = "<group>"; };
		3C5A1F701EEF21520024152E /* FunctionsViewController.swift */ = {isa = PBXFileReference; fileEncoding = 4; lastKnownFileType = sourcecode.swift; path = FunctionsViewController.swift; sourceTree = "<group>"; };
		3C5A1F721EEF215D0024152E /* ScheduleViewController.swift */ = {isa = PBXFileReference; fileEncoding = 4; lastKnownFileType = sourcecode.swift; path = ScheduleViewController.swift; sourceTree = "<group>"; };
		3C5A1F741EEF3AE80024152E /* ListViewController.swift */ = {isa = PBXFileReference; fileEncoding = 4; lastKnownFileType = sourcecode.swift; path = ListViewController.swift; sourceTree = "<group>"; };
		3C5A1F761EEF3AF80024152E /* ListTableViewCell.swift */ = {isa = PBXFileReference; fileEncoding = 4; lastKnownFileType = sourcecode.swift; path = ListTableViewCell.swift; sourceTree = "<group>"; };
		3C5A1F781EEF78EF0024152E /* FilterTableViewController.swift */ = {isa = PBXFileReference; fileEncoding = 4; lastKnownFileType = sourcecode.swift; path = FilterTableViewController.swift; sourceTree = "<group>"; };
		3CA7FEF61EF0F7A800F54219 /* GoogleService-Info.plist */ = {isa = PBXFileReference; fileEncoding = 4; lastKnownFileType = text.plist.xml; path = "GoogleService-Info.plist"; sourceTree = "<group>"; };
		3CA7FEF81EF1043E00F54219 /* PreachDetailViewController.swift */ = {isa = PBXFileReference; fileEncoding = 4; lastKnownFileType = sourcecode.swift; path = PreachDetailViewController.swift; sourceTree = "<group>"; };
		3CA7FEFC1EF117FF00F54219 /* ScheduleDetailViewController.swift */ = {isa = PBXFileReference; fileEncoding = 4; lastKnownFileType = sourcecode.swift; path = ScheduleDetailViewController.swift; sourceTree = "<group>"; };
		3CA7FEFE1EF1186300F54219 /* FunctionsDetailViewController.swift */ = {isa = PBXFileReference; fileEncoding = 4; lastKnownFileType = sourcecode.swift; path = FunctionsDetailViewController.swift; sourceTree = "<group>"; };
		45B1DE4C06A230E21EB11348 /* Pods-RVTests.release.xcconfig */ = {isa = PBXFileReference; includeInIndex = 1; lastKnownFileType = text.xcconfig; name = "Pods-RVTests.release.xcconfig"; path = "Pods/Target Support Files/Pods-RVTests/Pods-RVTests.release.xcconfig"; sourceTree = "<group>"; };
		66F6FF686AF80BD3BFB4956A /* Pods_RVTests.framework */ = {isa = PBXFileReference; explicitFileType = wrapper.framework; includeInIndex = 0; path = Pods_RVTests.framework; sourceTree = BUILT_PRODUCTS_DIR; };
		993BB15E464B8301B402FDAE /* Pods-RVTests.debug.xcconfig */ = {isa = PBXFileReference; includeInIndex = 1; lastKnownFileType = text.xcconfig; name = "Pods-RVTests.debug.xcconfig"; path = "Pods/Target Support Files/Pods-RVTests/Pods-RVTests.debug.xcconfig"; sourceTree = "<group>"; };
		A350CE0C034A7898BD0DB38C /* Pods-RV.release.xcconfig */ = {isa = PBXFileReference; includeInIndex = 1; lastKnownFileType = text.xcconfig; name = "Pods-RV.release.xcconfig"; path = "Pods/Target Support Files/Pods-RV/Pods-RV.release.xcconfig"; sourceTree = "<group>"; };
		F8104B8C7B082304BCA42361 /* Pods_RV.framework */ = {isa = PBXFileReference; explicitFileType = wrapper.framework; includeInIndex = 0; path = Pods_RV.framework; sourceTree = BUILT_PRODUCTS_DIR; };
/* End PBXFileReference section */

/* Begin PBXFrameworksBuildPhase section */
		3C0F33ED1EDCE1BC00D60AAE /* Frameworks */ = {
			isa = PBXFrameworksBuildPhase;
			buildActionMask = 2147483647;
			files = (
				CD29E185FCBF543238FE91BE /* Pods_RV.framework in Frameworks */,
			);
			runOnlyForDeploymentPostprocessing = 0;
		};
		3C0F34011EDCE1BC00D60AAE /* Frameworks */ = {
			isa = PBXFrameworksBuildPhase;
			buildActionMask = 2147483647;
			files = (
				4CBC022D97FCD8F3129955A3 /* Pods_RVTests.framework in Frameworks */,
			);
			runOnlyForDeploymentPostprocessing = 0;
		};
		3C0F340C1EDCE1BC00D60AAE /* Frameworks */ = {
			isa = PBXFrameworksBuildPhase;
			buildActionMask = 2147483647;
			files = (
				704ED43D368871A30FE37470 /* Pods_RVUITests.framework in Frameworks */,
			);
			runOnlyForDeploymentPostprocessing = 0;
		};
/* End PBXFrameworksBuildPhase section */

/* Begin PBXGroup section */
		3C0F33E71EDCE1BC00D60AAE = {
			isa = PBXGroup;
			children = (
				3C0F33F21EDCE1BC00D60AAE /* RV */,
				3C0F34071EDCE1BC00D60AAE /* RVTests */,
				3C0F34121EDCE1BC00D60AAE /* RVUITests */,
				3C0F33F11EDCE1BC00D60AAE /* Products */,
				8249D1F12AB9089A00162EA9 /* Pods */,
				9FA3332DD339283D1F239D92 /* Frameworks */,
			);
			sourceTree = "<group>";
		};
		3C0F33F11EDCE1BC00D60AAE /* Products */ = {
			isa = PBXGroup;
			children = (
				3C0F33F01EDCE1BC00D60AAE /* RV.app */,
				3C0F34041EDCE1BC00D60AAE /* RVTests.xctest */,
				3C0F340F1EDCE1BC00D60AAE /* RVUITests.xctest */,
			);
			name = Products;
			sourceTree = "<group>";
		};
		3C0F33F21EDCE1BC00D60AAE /* RV */ = {
			isa = PBXGroup;
			children = (
				3CA7FEFA1EF10FC200F54219 /* Models */,
				3C0F33F31EDCE1BC00D60AAE /* AppDelegate.swift */,
				3C0F33F51EDCE1BC00D60AAE /* ViewController.swift */,
				3C0F33F71EDCE1BC00D60AAE /* Main.storyboard */,
				3CA7FEFB1EF10FCD00F54219 /* ViewControllers */,
				3C5A1F6E1EEF21160024152E /* Custom Cells */,
				3C5A1F6F1EEF212B0024152E /* Resources */,
			);
			path = RV;
			sourceTree = "<group>";
		};
		3C0F34071EDCE1BC00D60AAE /* RVTests */ = {
			isa = PBXGroup;
			children = (
				3C0F34081EDCE1BC00D60AAE /* RVTests.swift */,
				3C0F340A1EDCE1BC00D60AAE /* Info.plist */,
			);
			path = RVTests;
			sourceTree = "<group>";
		};
		3C0F34121EDCE1BC00D60AAE /* RVUITests */ = {
			isa = PBXGroup;
			children = (
				3C0F34131EDCE1BC00D60AAE /* RVUITests.swift */,
				3C0F34151EDCE1BC00D60AAE /* Info.plist */,
			);
			path = RVUITests;
			sourceTree = "<group>";
		};
		3C5A1F691EEF0C480024152E /* Fonts */ = {
			isa = PBXGroup;
			children = (
				3C5A1F611EEF0C410024152E /* Quicksand-Bold.ttf */,
				3C5A1F621EEF0C410024152E /* Quicksand-Light.ttf */,
				3C5A1F631EEF0C410024152E /* Quicksand-Medium.ttf */,
				3C5A1F641EEF0C410024152E /* Quicksand-Regular.ttf */,
			);
			name = Fonts;
			sourceTree = "<group>";
		};
		3C5A1F6E1EEF21160024152E /* Custom Cells */ = {
			isa = PBXGroup;
			children = (
				3C0F34251EDCEE6800D60AAE /* PreachCell.swift */,
				3C5A1F6A1EEF20FD0024152E /* FunctionsTableViewCell.swift */,
				3C5A1F6C1EEF21060024152E /* ScheduleTableViewCell.swift */,
				3C5A1F761EEF3AF80024152E /* ListTableViewCell.swift */,
			);
			name = "Custom Cells";
			sourceTree = "<group>";
		};
		3C5A1F6F1EEF212B0024152E /* Resources */ = {
			isa = PBXGroup;
			children = (
				3C0F33FA1EDCE1BC00D60AAE /* Assets.xcassets */,
				3C0F33FC1EDCE1BC00D60AAE /* LaunchScreen.storyboard */,
				3C0F33FF1EDCE1BC00D60AAE /* Info.plist */,
				3CA7FEF61EF0F7A800F54219 /* GoogleService-Info.plist */,
				3C0F34271EDCF58D00D60AAE /* DesignManager.swift */,
				3C5A1F691EEF0C480024152E /* Fonts */,
			);
			name = Resources;
			sourceTree = "<group>";
		};
		3CA7FEFA1EF10FC200F54219 /* Models */ = {
			isa = PBXGroup;
			children = (
				38FCF8341EF10CFE00F57F0C /* lider.swift */,
				38FCF8351EF10CFE00F57F0C /* revisionista.swift */,
				38FCF8361EF10CFE00F57F0C /* revisao.swift */,
				38FCF8371EF10CFE00F57F0C /* palavra.swift */,
				38FCF8381EF10CFE00F57F0C /* funcao.swift */,
				38FCF8391EF10CFE00F57F0C /* equipe.swift */,
				38FCF83A1EF10CFE00F57F0C /* escala.swift */,
			);
			name = Models;
			sourceTree = "<group>";
		};
		3CA7FEFB1EF10FCD00F54219 /* ViewControllers */ = {
			isa = PBXGroup;
			children = (
				3C0F34211EDCE6AD00D60AAE /* LoginViewController.swift */,
				3C0F34231EDCE8F900D60AAE /* PreachingsViewController.swift */,
				3CA7FEF81EF1043E00F54219 /* PreachDetailViewController.swift */,
				3C5A1F721EEF215D0024152E /* ScheduleViewController.swift */,
				3CA7FEFC1EF117FF00F54219 /* ScheduleDetailViewController.swift */,
				3C5A1F701EEF21520024152E /* FunctionsViewController.swift */,
				3CA7FEFE1EF1186300F54219 /* FunctionsDetailViewController.swift */,
				3C5A1F741EEF3AE80024152E /* ListViewController.swift */,
				3C5A1F781EEF78EF0024152E /* FilterTableViewController.swift */,
			);
			name = ViewControllers;
			sourceTree = "<group>";
		};
		8249D1F12AB9089A00162EA9 /* Pods */ = {
			isa = PBXGroup;
			children = (
				30A35273F1F99448BD5EF740 /* Pods-RV.debug.xcconfig */,
				A350CE0C034A7898BD0DB38C /* Pods-RV.release.xcconfig */,
				993BB15E464B8301B402FDAE /* Pods-RVTests.debug.xcconfig */,
				45B1DE4C06A230E21EB11348 /* Pods-RVTests.release.xcconfig */,
				144DF57628CB1F5619003E17 /* Pods-RVUITests.debug.xcconfig */,
				383798D6400515FA6A874902 /* Pods-RVUITests.release.xcconfig */,
			);
			name = Pods;
			sourceTree = "<group>";
		};
		9FA3332DD339283D1F239D92 /* Frameworks */ = {
			isa = PBXGroup;
			children = (
				F8104B8C7B082304BCA42361 /* Pods_RV.framework */,
				66F6FF686AF80BD3BFB4956A /* Pods_RVTests.framework */,
				121D89810E859ABBEB368BCC /* Pods_RVUITests.framework */,
			);
			name = Frameworks;
			sourceTree = "<group>";
		};
/* End PBXGroup section */

/* Begin PBXNativeTarget section */
		3C0F33EF1EDCE1BC00D60AAE /* RV */ = {
			isa = PBXNativeTarget;
			buildConfigurationList = 3C0F34181EDCE1BC00D60AAE /* Build configuration list for PBXNativeTarget "RV" */;
			buildPhases = (
				605EAA39CBF937862CDD63CB /* [CP] Check Pods Manifest.lock */,
				3C0F33EC1EDCE1BC00D60AAE /* Sources */,
				3C0F33ED1EDCE1BC00D60AAE /* Frameworks */,
				3C0F33EE1EDCE1BC00D60AAE /* Resources */,
				A44C69CCDFAE2D981ECDD81D /* [CP] Embed Pods Frameworks */,
				31AD9C98962EB59796174EC2 /* [CP] Copy Pods Resources */,
			);
			buildRules = (
			);
			dependencies = (
			);
			name = RV;
			productName = RV;
			productReference = 3C0F33F01EDCE1BC00D60AAE /* RV.app */;
			productType = "com.apple.product-type.application";
		};
		3C0F34031EDCE1BC00D60AAE /* RVTests */ = {
			isa = PBXNativeTarget;
			buildConfigurationList = 3C0F341B1EDCE1BC00D60AAE /* Build configuration list for PBXNativeTarget "RVTests" */;
			buildPhases = (
				6BE6A35329A3EB78634FFB75 /* [CP] Check Pods Manifest.lock */,
				3C0F34001EDCE1BC00D60AAE /* Sources */,
				3C0F34011EDCE1BC00D60AAE /* Frameworks */,
				3C0F34021EDCE1BC00D60AAE /* Resources */,
				33F0F7F2C1BA66197EABCD7A /* [CP] Embed Pods Frameworks */,
				EBFB93BB5CDBB90A130707A1 /* [CP] Copy Pods Resources */,
			);
			buildRules = (
			);
			dependencies = (
				3C0F34061EDCE1BC00D60AAE /* PBXTargetDependency */,
			);
			name = RVTests;
			productName = RVTests;
			productReference = 3C0F34041EDCE1BC00D60AAE /* RVTests.xctest */;
			productType = "com.apple.product-type.bundle.unit-test";
		};
		3C0F340E1EDCE1BC00D60AAE /* RVUITests */ = {
			isa = PBXNativeTarget;
			buildConfigurationList = 3C0F341E1EDCE1BC00D60AAE /* Build configuration list for PBXNativeTarget "RVUITests" */;
			buildPhases = (
				D0A5C354429B2643C26E3A38 /* [CP] Check Pods Manifest.lock */,
				3C0F340B1EDCE1BC00D60AAE /* Sources */,
				3C0F340C1EDCE1BC00D60AAE /* Frameworks */,
				3C0F340D1EDCE1BC00D60AAE /* Resources */,
				D44F29199C35BB631765D793 /* [CP] Embed Pods Frameworks */,
				FC935069104A1103B683D8A2 /* [CP] Copy Pods Resources */,
			);
			buildRules = (
			);
			dependencies = (
				3C0F34111EDCE1BC00D60AAE /* PBXTargetDependency */,
			);
			name = RVUITests;
			productName = RVUITests;
			productReference = 3C0F340F1EDCE1BC00D60AAE /* RVUITests.xctest */;
			productType = "com.apple.product-type.bundle.ui-testing";
		};
/* End PBXNativeTarget section */

/* Begin PBXProject section */
		3C0F33E81EDCE1BC00D60AAE /* Project object */ = {
			isa = PBXProject;
			attributes = {
				LastSwiftUpdateCheck = 0820;
				LastUpgradeCheck = 0820;
				ORGANIZATIONNAME = Wavez;
				TargetAttributes = {
					3C0F33EF1EDCE1BC00D60AAE = {
						CreatedOnToolsVersion = 8.2;
						DevelopmentTeam = C6HKJ3XTGG;
						ProvisioningStyle = Automatic;
					};
					3C0F34031EDCE1BC00D60AAE = {
						CreatedOnToolsVersion = 8.2;
						DevelopmentTeam = C6HKJ3XTGG;
						ProvisioningStyle = Automatic;
						TestTargetID = 3C0F33EF1EDCE1BC00D60AAE;
					};
					3C0F340E1EDCE1BC00D60AAE = {
						CreatedOnToolsVersion = 8.2;
						DevelopmentTeam = C6HKJ3XTGG;
						ProvisioningStyle = Automatic;
						TestTargetID = 3C0F33EF1EDCE1BC00D60AAE;
					};
				};
			};
			buildConfigurationList = 3C0F33EB1EDCE1BC00D60AAE /* Build configuration list for PBXProject "RV" */;
			compatibilityVersion = "Xcode 3.2";
			developmentRegion = English;
			hasScannedForEncodings = 0;
			knownRegions = (
				en,
				Base,
			);
			mainGroup = 3C0F33E71EDCE1BC00D60AAE;
			productRefGroup = 3C0F33F11EDCE1BC00D60AAE /* Products */;
			projectDirPath = "";
			projectRoot = "";
			targets = (
				3C0F33EF1EDCE1BC00D60AAE /* RV */,
				3C0F34031EDCE1BC00D60AAE /* RVTests */,
				3C0F340E1EDCE1BC00D60AAE /* RVUITests */,
			);
		};
/* End PBXProject section */

/* Begin PBXResourcesBuildPhase section */
		3C0F33EE1EDCE1BC00D60AAE /* Resources */ = {
			isa = PBXResourcesBuildPhase;
			buildActionMask = 2147483647;
			files = (
				3C0F33FE1EDCE1BC00D60AAE /* LaunchScreen.storyboard in Resources */,
				3CA7FEF71EF0F7A800F54219 /* GoogleService-Info.plist in Resources */,
				3C0F33FB1EDCE1BC00D60AAE /* Assets.xcassets in Resources */,
				3C5A1F681EEF0C410024152E /* Quicksand-Regular.ttf in Resources */,
				3C0F33F91EDCE1BC00D60AAE /* Main.storyboard in Resources */,
				3C5A1F651EEF0C410024152E /* Quicksand-Bold.ttf in Resources */,
				3C5A1F661EEF0C410024152E /* Quicksand-Light.ttf in Resources */,
				3C5A1F671EEF0C410024152E /* Quicksand-Medium.ttf in Resources */,
			);
			runOnlyForDeploymentPostprocessing = 0;
		};
		3C0F34021EDCE1BC00D60AAE /* Resources */ = {
			isa = PBXResourcesBuildPhase;
			buildActionMask = 2147483647;
			files = (
			);
			runOnlyForDeploymentPostprocessing = 0;
		};
		3C0F340D1EDCE1BC00D60AAE /* Resources */ = {
			isa = PBXResourcesBuildPhase;
			buildActionMask = 2147483647;
			files = (
			);
			runOnlyForDeploymentPostprocessing = 0;
		};
/* End PBXResourcesBuildPhase section */

/* Begin PBXShellScriptBuildPhase section */
		31AD9C98962EB59796174EC2 /* [CP] Copy Pods Resources */ = {
			isa = PBXShellScriptBuildPhase;
			buildActionMask = 2147483647;
			files = (
			);
			inputPaths = (
			);
			name = "[CP] Copy Pods Resources";
			outputPaths = (
			);
			runOnlyForDeploymentPostprocessing = 0;
			shellPath = /bin/sh;
			shellScript = "\"${SRCROOT}/Pods/Target Support Files/Pods-RV/Pods-RV-resources.sh\"\n";
			showEnvVarsInLog = 0;
		};
		33F0F7F2C1BA66197EABCD7A /* [CP] Embed Pods Frameworks */ = {
			isa = PBXShellScriptBuildPhase;
			buildActionMask = 2147483647;
			files = (
			);
			inputPaths = (
			);
			name = "[CP] Embed Pods Frameworks";
			outputPaths = (
			);
			runOnlyForDeploymentPostprocessing = 0;
			shellPath = /bin/sh;
			shellScript = "\"${SRCROOT}/Pods/Target Support Files/Pods-RVTests/Pods-RVTests-frameworks.sh\"\n";
			showEnvVarsInLog = 0;
		};
		605EAA39CBF937862CDD63CB /* [CP] Check Pods Manifest.lock */ = {
			isa = PBXShellScriptBuildPhase;
			buildActionMask = 2147483647;
			files = (
			);
			inputPaths = (
			);
			name = "[CP] Check Pods Manifest.lock";
			outputPaths = (
			);
			runOnlyForDeploymentPostprocessing = 0;
			shellPath = /bin/sh;
			shellScript = "diff \"${PODS_PODFILE_DIR_PATH}/Podfile.lock\" \"${PODS_ROOT}/Manifest.lock\" > /dev/null\nif [ $? != 0 ] ; then\n    # print error to STDERR\n    echo \"error: The sandbox is not in sync with the Podfile.lock. Run 'pod install' or update your CocoaPods installation.\" >&2\n    exit 1\nfi\n";
			showEnvVarsInLog = 0;
		};
		6BE6A35329A3EB78634FFB75 /* [CP] Check Pods Manifest.lock */ = {
			isa = PBXShellScriptBuildPhase;
			buildActionMask = 2147483647;
			files = (
			);
			inputPaths = (
			);
			name = "[CP] Check Pods Manifest.lock";
			outputPaths = (
			);
			runOnlyForDeploymentPostprocessing = 0;
			shellPath = /bin/sh;
			shellScript = "diff \"${PODS_PODFILE_DIR_PATH}/Podfile.lock\" \"${PODS_ROOT}/Manifest.lock\" > /dev/null\nif [ $? != 0 ] ; then\n    # print error to STDERR\n    echo \"error: The sandbox is not in sync with the Podfile.lock. Run 'pod install' or update your CocoaPods installation.\" >&2\n    exit 1\nfi\n";
			showEnvVarsInLog = 0;
		};
		A44C69CCDFAE2D981ECDD81D /* [CP] Embed Pods Frameworks */ = {
			isa = PBXShellScriptBuildPhase;
			buildActionMask = 2147483647;
			files = (
			);
			inputPaths = (
			);
			name = "[CP] Embed Pods Frameworks";
			outputPaths = (
			);
			runOnlyForDeploymentPostprocessing = 0;
			shellPath = /bin/sh;
			shellScript = "\"${SRCROOT}/Pods/Target Support Files/Pods-RV/Pods-RV-frameworks.sh\"\n";
			showEnvVarsInLog = 0;
		};
		D0A5C354429B2643C26E3A38 /* [CP] Check Pods Manifest.lock */ = {
			isa = PBXShellScriptBuildPhase;
			buildActionMask = 2147483647;
			files = (
			);
			inputPaths = (
			);
			name = "[CP] Check Pods Manifest.lock";
			outputPaths = (
			);
			runOnlyForDeploymentPostprocessing = 0;
			shellPath = /bin/sh;
			shellScript = "diff \"${PODS_PODFILE_DIR_PATH}/Podfile.lock\" \"${PODS_ROOT}/Manifest.lock\" > /dev/null\nif [ $? != 0 ] ; then\n    # print error to STDERR\n    echo \"error: The sandbox is not in sync with the Podfile.lock. Run 'pod install' or update your CocoaPods installation.\" >&2\n    exit 1\nfi\n";
			showEnvVarsInLog = 0;
		};
		D44F29199C35BB631765D793 /* [CP] Embed Pods Frameworks */ = {
			isa = PBXShellScriptBuildPhase;
			buildActionMask = 2147483647;
			files = (
			);
			inputPaths = (
			);
			name = "[CP] Embed Pods Frameworks";
			outputPaths = (
			);
			runOnlyForDeploymentPostprocessing = 0;
			shellPath = /bin/sh;
			shellScript = "\"${SRCROOT}/Pods/Target Support Files/Pods-RVUITests/Pods-RVUITests-frameworks.sh\"\n";
			showEnvVarsInLog = 0;
		};
		EBFB93BB5CDBB90A130707A1 /* [CP] Copy Pods Resources */ = {
			isa = PBXShellScriptBuildPhase;
			buildActionMask = 2147483647;
			files = (
			);
			inputPaths = (
			);
			name = "[CP] Copy Pods Resources";
			outputPaths = (
			);
			runOnlyForDeploymentPostprocessing = 0;
			shellPath = /bin/sh;
			shellScript = "\"${SRCROOT}/Pods/Target Support Files/Pods-RVTests/Pods-RVTests-resources.sh\"\n";
			showEnvVarsInLog = 0;
		};
		FC935069104A1103B683D8A2 /* [CP] Copy Pods Resources */ = {
			isa = PBXShellScriptBuildPhase;
			buildActionMask = 2147483647;
			files = (
			);
			inputPaths = (
			);
			name = "[CP] Copy Pods Resources";
			outputPaths = (
			);
			runOnlyForDeploymentPostprocessing = 0;
			shellPath = /bin/sh;
			shellScript = "\"${SRCROOT}/Pods/Target Support Files/Pods-RVUITests/Pods-RVUITests-resources.sh\"\n";
			showEnvVarsInLog = 0;
		};
/* End PBXShellScriptBuildPhase section */

/* Begin PBXSourcesBuildPhase section */
		3C0F33EC1EDCE1BC00D60AAE /* Sources */ = {
			isa = PBXSourcesBuildPhase;
			buildActionMask = 2147483647;
			files = (
				38FCF83D1EF10CFE00F57F0C /* revisao.swift in Sources */,
				3CA7FEF91EF1043E00F54219 /* PreachDetailViewController.swift in Sources */,
				3C5A1F6B1EEF20FD0024152E /* FunctionsTableViewCell.swift in Sources */,
				38FCF83E1EF10CFE00F57F0C /* palavra.swift in Sources */,
				3C0F34261EDCEE6800D60AAE /* PreachCell.swift in Sources */,
				3C0F34281EDCF58D00D60AAE /* DesignManager.swift in Sources */,
				3C0F34241EDCE8F900D60AAE /* PreachingsViewController.swift in Sources */,
				3C0F34221EDCE6AD00D60AAE /* LoginViewController.swift in Sources */,
				38FCF83F1EF10CFE00F57F0C /* funcao.swift in Sources */,
				3C5A1F771EEF3AF80024152E /* ListTableViewCell.swift in Sources */,
				3C5A1F751EEF3AE80024152E /* ListViewController.swift in Sources */,
				3C5A1F731EEF215D0024152E /* ScheduleViewController.swift in Sources */,
				3CA7FEFD1EF117FF00F54219 /* ScheduleDetailViewController.swift in Sources */,
				38FCF8401EF10CFE00F57F0C /* equipe.swift in Sources */,
				3C5A1F791EEF78EF0024152E /* FilterTableViewController.swift in Sources */,
				3C0F33F61EDCE1BC00D60AAE /* ViewController.swift in Sources */,
				3C5A1F711EEF21520024152E /* FunctionsViewController.swift in Sources */,
				38FCF83B1EF10CFE00F57F0C /* lider.swift in Sources */,
				38FCF83C1EF10CFE00F57F0C /* revisionista.swift in Sources */,
				3C5A1F6D1EEF21060024152E /* ScheduleTableViewCell.swift in Sources */,
				3CA7FEFF1EF1186300F54219 /* FunctionsDetailViewController.swift in Sources */,
				38FCF8411EF10CFE00F57F0C /* escala.swift in Sources */,
				3C0F33F41EDCE1BC00D60AAE /* AppDelegate.swift in Sources */,
			);
			runOnlyForDeploymentPostprocessing = 0;
		};
		3C0F34001EDCE1BC00D60AAE /* Sources */ = {
			isa = PBXSourcesBuildPhase;
			buildActionMask = 2147483647;
			files = (
				3C0F34091EDCE1BC00D60AAE /* RVTests.swift in Sources */,
			);
			runOnlyForDeploymentPostprocessing = 0;
		};
		3C0F340B1EDCE1BC00D60AAE /* Sources */ = {
			isa = PBXSourcesBuildPhase;
			buildActionMask = 2147483647;
			files = (
				3C0F34141EDCE1BC00D60AAE /* RVUITests.swift in Sources */,
			);
			runOnlyForDeploymentPostprocessing = 0;
		};
/* End PBXSourcesBuildPhase section */

/* Begin PBXTargetDependency section */
		3C0F34061EDCE1BC00D60AAE /* PBXTargetDependency */ = {
			isa = PBXTargetDependency;
			target = 3C0F33EF1EDCE1BC00D60AAE /* RV */;
			targetProxy = 3C0F34051EDCE1BC00D60AAE /* PBXContainerItemProxy */;
		};
		3C0F34111EDCE1BC00D60AAE /* PBXTargetDependency */ = {
			isa = PBXTargetDependency;
			target = 3C0F33EF1EDCE1BC00D60AAE /* RV */;
			targetProxy = 3C0F34101EDCE1BC00D60AAE /* PBXContainerItemProxy */;
		};
/* End PBXTargetDependency section */

/* Begin PBXVariantGroup section */
		3C0F33F71EDCE1BC00D60AAE /* Main.storyboard */ = {
			isa = PBXVariantGroup;
			children = (
				3C0F33F81EDCE1BC00D60AAE /* Base */,
			);
			name = Main.storyboard;
			sourceTree = "<group>";
		};
		3C0F33FC1EDCE1BC00D60AAE /* LaunchScreen.storyboard */ = {
			isa = PBXVariantGroup;
			children = (
				3C0F33FD1EDCE1BC00D60AAE /* Base */,
			);
			name = LaunchScreen.storyboard;
			sourceTree = "<group>";
		};
/* End PBXVariantGroup section */

/* Begin XCBuildConfiguration section */
		3C0F34161EDCE1BC00D60AAE /* Debug */ = {
			isa = XCBuildConfiguration;
			buildSettings = {
				ALWAYS_SEARCH_USER_PATHS = NO;
				CLANG_ANALYZER_NONNULL = YES;
				CLANG_CXX_LANGUAGE_STANDARD = "gnu++0x";
				CLANG_CXX_LIBRARY = "libc++";
				CLANG_ENABLE_MODULES = YES;
				CLANG_ENABLE_OBJC_ARC = YES;
				CLANG_WARN_BOOL_CONVERSION = YES;
				CLANG_WARN_CONSTANT_CONVERSION = YES;
				CLANG_WARN_DIRECT_OBJC_ISA_USAGE = YES_ERROR;
				CLANG_WARN_DOCUMENTATION_COMMENTS = YES;
				CLANG_WARN_EMPTY_BODY = YES;
				CLANG_WARN_ENUM_CONVERSION = YES;
				CLANG_WARN_INFINITE_RECURSION = YES;
				CLANG_WARN_INT_CONVERSION = YES;
				CLANG_WARN_OBJC_ROOT_CLASS = YES_ERROR;
				CLANG_WARN_SUSPICIOUS_MOVE = YES;
				CLANG_WARN_UNREACHABLE_CODE = YES;
				CLANG_WARN__DUPLICATE_METHOD_MATCH = YES;
				"CODE_SIGN_IDENTITY[sdk=iphoneos*]" = "iPhone Developer";
				COPY_PHASE_STRIP = NO;
				DEBUG_INFORMATION_FORMAT = dwarf;
				ENABLE_STRICT_OBJC_MSGSEND = YES;
				ENABLE_TESTABILITY = YES;
				GCC_C_LANGUAGE_STANDARD = gnu99;
				GCC_DYNAMIC_NO_PIC = NO;
				GCC_NO_COMMON_BLOCKS = YES;
				GCC_OPTIMIZATION_LEVEL = 0;
				GCC_PREPROCESSOR_DEFINITIONS = (
					"DEBUG=1",
					"$(inherited)",
				);
				GCC_WARN_64_TO_32_BIT_CONVERSION = YES;
				GCC_WARN_ABOUT_RETURN_TYPE = YES_ERROR;
				GCC_WARN_UNDECLARED_SELECTOR = YES;
				GCC_WARN_UNINITIALIZED_AUTOS = YES_AGGRESSIVE;
				GCC_WARN_UNUSED_FUNCTION = YES;
				GCC_WARN_UNUSED_VARIABLE = YES;
				IPHONEOS_DEPLOYMENT_TARGET = 10.2;
				MTL_ENABLE_DEBUG_INFO = YES;
				ONLY_ACTIVE_ARCH = YES;
				SDKROOT = iphoneos;
				SWIFT_ACTIVE_COMPILATION_CONDITIONS = DEBUG;
				SWIFT_OPTIMIZATION_LEVEL = "-Onone";
			};
			name = Debug;
		};
		3C0F34171EDCE1BC00D60AAE /* Release */ = {
			isa = XCBuildConfiguration;
			buildSettings = {
				ALWAYS_SEARCH_USER_PATHS = NO;
				CLANG_ANALYZER_NONNULL = YES;
				CLANG_CXX_LANGUAGE_STANDARD = "gnu++0x";
				CLANG_CXX_LIBRARY = "libc++";
				CLANG_ENABLE_MODULES = YES;
				CLANG_ENABLE_OBJC_ARC = YES;
				CLANG_WARN_BOOL_CONVERSION = YES;
				CLANG_WARN_CONSTANT_CONVERSION = YES;
				CLANG_WARN_DIRECT_OBJC_ISA_USAGE = YES_ERROR;
				CLANG_WARN_DOCUMENTATION_COMMENTS = YES;
				CLANG_WARN_EMPTY_BODY = YES;
				CLANG_WARN_ENUM_CONVERSION = YES;
				CLANG_WARN_INFINITE_RECURSION = YES;
				CLANG_WARN_INT_CONVERSION = YES;
				CLANG_WARN_OBJC_ROOT_CLASS = YES_ERROR;
				CLANG_WARN_SUSPICIOUS_MOVE = YES;
				CLANG_WARN_UNREACHABLE_CODE = YES;
				CLANG_WARN__DUPLICATE_METHOD_MATCH = YES;
				"CODE_SIGN_IDENTITY[sdk=iphoneos*]" = "iPhone Developer";
				COPY_PHASE_STRIP = NO;
				DEBUG_INFORMATION_FORMAT = "dwarf-with-dsym";
				ENABLE_NS_ASSERTIONS = NO;
				ENABLE_STRICT_OBJC_MSGSEND = YES;
				GCC_C_LANGUAGE_STANDARD = gnu99;
				GCC_NO_COMMON_BLOCKS = YES;
				GCC_WARN_64_TO_32_BIT_CONVERSION = YES;
				GCC_WARN_ABOUT_RETURN_TYPE = YES_ERROR;
				GCC_WARN_UNDECLARED_SELECTOR = YES;
				GCC_WARN_UNINITIALIZED_AUTOS = YES_AGGRESSIVE;
				GCC_WARN_UNUSED_FUNCTION = YES;
				GCC_WARN_UNUSED_VARIABLE = YES;
				IPHONEOS_DEPLOYMENT_TARGET = 10.2;
				MTL_ENABLE_DEBUG_INFO = NO;
				SDKROOT = iphoneos;
				SWIFT_OPTIMIZATION_LEVEL = "-Owholemodule";
				VALIDATE_PRODUCT = YES;
			};
			name = Release;
		};
		3C0F34191EDCE1BC00D60AAE /* Debug */ = {
			isa = XCBuildConfiguration;
			baseConfigurationReference = 30A35273F1F99448BD5EF740 /* Pods-RV.debug.xcconfig */;
			buildSettings = {
				ASSETCATALOG_COMPILER_APPICON_NAME = AppIcon;
				DEVELOPMENT_TEAM = C6HKJ3XTGG;
				INFOPLIST_FILE = RV/Info.plist;
				LD_RUNPATH_SEARCH_PATHS = "$(inherited) @executable_path/Frameworks";
				PRODUCT_BUNDLE_IDENTIFIER = com.wavez.RV;
				PRODUCT_NAME = "$(TARGET_NAME)";
				SWIFT_VERSION = 3.0;
			};
			name = Debug;
		};
		3C0F341A1EDCE1BC00D60AAE /* Release */ = {
			isa = XCBuildConfiguration;
			baseConfigurationReference = A350CE0C034A7898BD0DB38C /* Pods-RV.release.xcconfig */;
			buildSettings = {
				ASSETCATALOG_COMPILER_APPICON_NAME = AppIcon;
				DEVELOPMENT_TEAM = C6HKJ3XTGG;
				INFOPLIST_FILE = RV/Info.plist;
				LD_RUNPATH_SEARCH_PATHS = "$(inherited) @executable_path/Frameworks";
				PRODUCT_BUNDLE_IDENTIFIER = com.wavez.RV;
				PRODUCT_NAME = "$(TARGET_NAME)";
				SWIFT_VERSION = 3.0;
			};
			name = Release;
		};
		3C0F341C1EDCE1BC00D60AAE /* Debug */ = {
			isa = XCBuildConfiguration;
			baseConfigurationReference = 993BB15E464B8301B402FDAE /* Pods-RVTests.debug.xcconfig */;
			buildSettings = {
				ALWAYS_EMBED_SWIFT_STANDARD_LIBRARIES = YES;
				BUNDLE_LOADER = "$(TEST_HOST)";
				DEVELOPMENT_TEAM = C6HKJ3XTGG;
				INFOPLIST_FILE = RVTests/Info.plist;
				LD_RUNPATH_SEARCH_PATHS = "$(inherited) @executable_path/Frameworks @loader_path/Frameworks";
				PRODUCT_BUNDLE_IDENTIFIER = com.wavez.RVTests;
				PRODUCT_NAME = "$(TARGET_NAME)";
				SWIFT_VERSION = 3.0;
				TEST_HOST = "$(BUILT_PRODUCTS_DIR)/RV.app/RV";
			};
			name = Debug;
		};
		3C0F341D1EDCE1BC00D60AAE /* Release */ = {
			isa = XCBuildConfiguration;
			baseConfigurationReference = 45B1DE4C06A230E21EB11348 /* Pods-RVTests.release.xcconfig */;
			buildSettings = {
				ALWAYS_EMBED_SWIFT_STANDARD_LIBRARIES = YES;
				BUNDLE_LOADER = "$(TEST_HOST)";
				DEVELOPMENT_TEAM = C6HKJ3XTGG;
				INFOPLIST_FILE = RVTests/Info.plist;
				LD_RUNPATH_SEARCH_PATHS = "$(inherited) @executable_path/Frameworks @loader_path/Frameworks";
				PRODUCT_BUNDLE_IDENTIFIER = com.wavez.RVTests;
				PRODUCT_NAME = "$(TARGET_NAME)";
				SWIFT_VERSION = 3.0;
				TEST_HOST = "$(BUILT_PRODUCTS_DIR)/RV.app/RV";
			};
			name = Release;
		};
		3C0F341F1EDCE1BC00D60AAE /* Debug */ = {
			isa = XCBuildConfiguration;
			baseConfigurationReference = 144DF57628CB1F5619003E17 /* Pods-RVUITests.debug.xcconfig */;
			buildSettings = {
				ALWAYS_EMBED_SWIFT_STANDARD_LIBRARIES = YES;
				DEVELOPMENT_TEAM = C6HKJ3XTGG;
				INFOPLIST_FILE = RVUITests/Info.plist;
				LD_RUNPATH_SEARCH_PATHS = "$(inherited) @executable_path/Frameworks @loader_path/Frameworks";
				PRODUCT_BUNDLE_IDENTIFIER = com.wavez.RVUITests;
				PRODUCT_NAME = "$(TARGET_NAME)";
				SWIFT_VERSION = 3.0;
				TEST_TARGET_NAME = RV;
			};
			name = Debug;
		};
		3C0F34201EDCE1BC00D60AAE /* Release */ = {
			isa = XCBuildConfiguration;
			baseConfigurationReference = 383798D6400515FA6A874902 /* Pods-RVUITests.release.xcconfig */;
			buildSettings = {
				ALWAYS_EMBED_SWIFT_STANDARD_LIBRARIES = YES;
				DEVELOPMENT_TEAM = C6HKJ3XTGG;
				INFOPLIST_FILE = RVUITests/Info.plist;
				LD_RUNPATH_SEARCH_PATHS = "$(inherited) @executable_path/Frameworks @loader_path/Frameworks";
				PRODUCT_BUNDLE_IDENTIFIER = com.wavez.RVUITests;
				PRODUCT_NAME = "$(TARGET_NAME)";
				SWIFT_VERSION = 3.0;
				TEST_TARGET_NAME = RV;
			};
			name = Release;
		};
/* End XCBuildConfiguration section */

/* Begin XCConfigurationList section */
		3C0F33EB1EDCE1BC00D60AAE /* Build configuration list for PBXProject "RV" */ = {
			isa = XCConfigurationList;
			buildConfigurations = (
				3C0F34161EDCE1BC00D60AAE /* Debug */,
				3C0F34171EDCE1BC00D60AAE /* Release */,
			);
			defaultConfigurationIsVisible = 0;
			defaultConfigurationName = Release;
		};
		3C0F34181EDCE1BC00D60AAE /* Build configuration list for PBXNativeTarget "RV" */ = {
			isa = XCConfigurationList;
			buildConfigurations = (
				3C0F34191EDCE1BC00D60AAE /* Debug */,
				3C0F341A1EDCE1BC00D60AAE /* Release */,
			);
			defaultConfigurationIsVisible = 0;
			defaultConfigurationName = Release;
		};
		3C0F341B1EDCE1BC00D60AAE /* Build configuration list for PBXNativeTarget "RVTests" */ = {
			isa = XCConfigurationList;
			buildConfigurations = (
				3C0F341C1EDCE1BC00D60AAE /* Debug */,
				3C0F341D1EDCE1BC00D60AAE /* Release */,
			);
			defaultConfigurationIsVisible = 0;
			defaultConfigurationName = Release;
		};
		3C0F341E1EDCE1BC00D60AAE /* Build configuration list for PBXNativeTarget "RVUITests" */ = {
			isa = XCConfigurationList;
			buildConfigurations = (
				3C0F341F1EDCE1BC00D60AAE /* Debug */,
				3C0F34201EDCE1BC00D60AAE /* Release */,
			);
			defaultConfigurationIsVisible = 0;
			defaultConfigurationName = Release;
		};
/* End XCConfigurationList section */
	};
	rootObject = 3C0F33E81EDCE1BC00D60AAE /* Project object */;
}
